
Microsoft Visual Studio Solution File, Format Version 12.00
# Visual Studio 15
VisualStudioVersion = 15.0.28307.329
MinimumVisualStudioVersion = 10.0.40219.1
Project("{FAE04EC0-301F-11D3-BF4B-00C04F79EFBC}") = "Werk_Pdf_Free", "Werk_Pdf_Free\Werk_Pdf_Free.csproj", "{C052547F-0168-41DA-A083-AAE46CD14E4F}"
EndProject
Global
	GlobalSection(SolutionConfigurationPlatforms) = preSolution
		Debug|Any CPU = Debug|Any CPU
		Release|Any CPU = Release|Any CPU
	EndGlobalSection
	GlobalSection(ProjectConfigurationPlatforms) = postSolution
		{C052547F-0168-41DA-A083-AAE46CD14E4F}.Debug|Any CPU.ActiveCfg = Debug|Any CPU
		{C052547F-0168-41DA-A083-AAE46CD14E4F}.Debug|Any CPU.Build.0 = Debug|Any CPU
		{C052547F-0168-41DA-A083-AAE46CD14E4F}.Release|Any CPU.ActiveCfg = Release|Any CPU
		{C052547F-0168-41DA-A083-AAE46CD14E4F}.Release|Any CPU.Build.0 = Release|Any CPU
	EndGlobalSection
	GlobalSection(SolutionProperties) = preSolution
		HideSolutionNode = FALSE
	EndGlobalSection
	GlobalSection(ExtensibilityGlobals) = postSolution
		SolutionGuid = {C25E5A87-729A-4B7E-B6FE-A6A2BC5FAE07}
	EndGlobalSection
EndGlobal
